
Microsoft Visual Studio Solution File, Format Version 12.00
# Visual Studio Version 17
VisualStudioVersion = 17.2.32616.157
MinimumVisualStudioVersion = 10.0.40219.1
Project("{8BC9CEB8-8B4A-11D0-8D11-00A0C91BC942}") = "StacksDojo", "StacksDojo\StacksDojo.vcxproj", "{E12E30A8-307B-4800-8A05-804228EC03B2}"
EndProject
Global
	GlobalSection(SolutionConfigurationPlatforms) = preSolution
		Debug|x64 = Debug|x64
		Debug|x86 = Debug|x86
		Release|x64 = Release|x64
		Release|x86 = Release|x86
	EndGlobalSection
	GlobalSection(ProjectConfigurationPlatforms) = postSolution
		{E12E30A8-307B-4800-8A05-804228EC03B2}.Debug|x64.ActiveCfg = Debug|x64
		{E12E30A8-307B-4800-8A05-804228EC03B2}.Debug|x64.Build.0 = Debug|x64
		{E12E30A8-307B-4800-8A05-804228EC03B2}.Debug|x86.ActiveCfg = Debug|Win32
		{E12E30A8-307B-4800-8A05-804228EC03B2}.Debug|x86.Build.0 = Debug|Win32
		{E12E30A8-307B-4800-8A05-804228EC03B2}.Release|x64.ActiveCfg = Release|x64
		{E12E30A8-307B-4800-8A05-804228EC03B2}.Release|x64.Build.0 = Release|x64
		{E12E30A8-307B-4800-8A05-804228EC03B2}.Release|x86.ActiveCfg = Release|Win32
		{E12E30A8-307B-4800-8A05-804228EC03B2}.Release|x86.Build.0 = Release|Win32
	EndGlobalSection
	GlobalSection(SolutionProperties) = preSolution
		HideSolutionNode = FALSE
	EndGlobalSection
	GlobalSection(ExtensibilityGlobals) = postSolution
		SolutionGuid = {94EB0096-26CA-4763-B30D-E3E7E7C8AB3E}
	EndGlobalSection
EndGlobal
